
Microsoft Visual Studio Solution File, Format Version 12.00
# Visual Studio Version 16
VisualStudioVersion = 16.0.31005.135
MinimumVisualStudioVersion = 10.0.40219.1
Project("{9A19103F-16F7-4668-BE54-9A1E7A4F7556}") = "chatApp", "chatApp.csproj", "{2976698F-4353-49D4-9936-77DC7A473FF1}"
EndProject
Global
	GlobalSection(SolutionConfigurationPlatforms) = preSolution
		Debug|Any CPU = Debug|Any CPU
		Release|Any CPU = Release|Any CPU
	EndGlobalSection
	GlobalSection(ProjectConfigurationPlatforms) = postSolution
		{2976698F-4353-49D4-9936-77DC7A473FF1}.Debug|Any CPU.ActiveCfg = Debug|Any CPU
		{2976698F-4353-49D4-9936-77DC7A473FF1}.Debug|Any CPU.Build.0 = Debug|Any CPU
		{2976698F-4353-49D4-9936-77DC7A473FF1}.Release|Any CPU.ActiveCfg = Release|Any CPU
		{2976698F-4353-49D4-9936-77DC7A473FF1}.Release|Any CPU.Build.0 = Release|Any CPU
	EndGlobalSection
	GlobalSection(SolutionProperties) = preSolution
		HideSolutionNode = FALSE
	EndGlobalSection
	GlobalSection(ExtensibilityGlobals) = postSolution
		SolutionGuid = {C221A493-4115-43C0-916E-4F12B02A7979}
	EndGlobalSection
EndGlobal
